
Microsoft Visual Studio Solution File, Format Version 12.00
# Visual Studio Version 16
VisualStudioVersion = 16.0.31729.503
MinimumVisualStudioVersion = 10.0.40219.1
Project("{FAE04EC0-301F-11D3-BF4B-00C04F79EFBC}") = "Core", "Core\Core.csproj", "{8F8900C6-E736-4F8B-99B1-437F1059B318}"
EndProject
Project("{FAE04EC0-301F-11D3-BF4B-00C04F79EFBC}") = "DataAccess", "DataAccess\DataAccess.csproj", "{68AB5D62-56E0-4220-8B58-84B0626D3877}"
EndProject
Project("{FAE04EC0-301F-11D3-BF4B-00C04F79EFBC}") = "Entity", "Entity\Entity.csproj", "{07FC9805-8CC2-476F-ABA9-DF1528341111}"
EndProject
Project("{FAE04EC0-301F-11D3-BF4B-00C04F79EFBC}") = "WebAPI", "WebAPI\WebAPI.csproj", "{365BA9E5-BD23-4410-81BA-7DA302F5A7AE}"
EndProject
Project("{FAE04EC0-301F-11D3-BF4B-00C04F79EFBC}") = "Business", "Business\Business.csproj", "{BB906EFB-FB8E-47DD-9901-E8E664C1D0F4}"
EndProject
Global
	GlobalSection(SolutionConfigurationPlatforms) = preSolution
		Debug|Any CPU = Debug|Any CPU
		Release|Any CPU = Release|Any CPU
	EndGlobalSection
	GlobalSection(ProjectConfigurationPlatforms) = postSolution
		{8F8900C6-E736-4F8B-99B1-437F1059B318}.Debug|Any CPU.ActiveCfg = Debug|Any CPU
		{8F8900C6-E736-4F8B-99B1-437F1059B318}.Debug|Any CPU.Build.0 = Debug|Any CPU
		{8F8900C6-E736-4F8B-99B1-437F1059B318}.Release|Any CPU.ActiveCfg = Release|Any CPU
		{8F8900C6-E736-4F8B-99B1-437F1059B318}.Release|Any CPU.Build.0 = Release|Any CPU
		{68AB5D62-56E0-4220-8B58-84B0626D3877}.Debug|Any CPU.ActiveCfg = Debug|Any CPU
		{68AB5D62-56E0-4220-8B58-84B0626D3877}.Debug|Any CPU.Build.0 = Debug|Any CPU
		{68AB5D62-56E0-4220-8B58-84B0626D3877}.Release|Any CPU.ActiveCfg = Release|Any CPU
		{68AB5D62-56E0-4220-8B58-84B0626D3877}.Release|Any CPU.Build.0 = Release|Any CPU
		{07FC9805-8CC2-476F-ABA9-DF1528341111}.Debug|Any CPU.ActiveCfg = Debug|Any CPU
		{07FC9805-8CC2-476F-ABA9-DF1528341111}.Debug|Any CPU.Build.0 = Debug|Any CPU
		{07FC9805-8CC2-476F-ABA9-DF1528341111}.Release|Any CPU.ActiveCfg = Release|Any CPU
		{07FC9805-8CC2-476F-ABA9-DF1528341111}.Release|Any CPU.Build.0 = Release|Any CPU
		{365BA9E5-BD23-4410-81BA-7DA302F5A7AE}.Debug|Any CPU.ActiveCfg = Debug|Any CPU
		{365BA9E5-BD23-4410-81BA-7DA302F5A7AE}.Debug|Any CPU.Build.0 = Debug|Any CPU
		{365BA9E5-BD23-4410-81BA-7DA302F5A7AE}.Release|Any CPU.ActiveCfg = Release|Any CPU
		{365BA9E5-BD23-4410-81BA-7DA302F5A7AE}.Release|Any CPU.Build.0 = Release|Any CPU
		{BB906EFB-FB8E-47DD-9901-E8E664C1D0F4}.Debug|Any CPU.ActiveCfg = Debug|Any CPU
		{BB906EFB-FB8E-47DD-9901-E8E664C1D0F4}.Debug|Any CPU.Build.0 = Debug|Any CPU
		{BB906EFB-FB8E-47DD-9901-E8E664C1D0F4}.Release|Any CPU.ActiveCfg = Release|Any CPU
		{BB906EFB-FB8E-47DD-9901-E8E664C1D0F4}.Release|Any CPU.Build.0 = Release|Any CPU
	EndGlobalSection
	GlobalSection(SolutionProperties) = preSolution
		HideSolutionNode = FALSE
	EndGlobalSection
	GlobalSection(ExtensibilityGlobals) = postSolution
		SolutionGuid = {F3CF9505-E23C-498C-8C99-91F2501A31A5}
	EndGlobalSection
EndGlobal
